
Microsoft Visual Studio Solution File, Format Version 12.00
# Visual Studio Version 17
VisualStudioVersion = 17.13.35806.99 d17.13
MinimumVisualStudioVersion = 10.0.40219.1
Project("{FAE04EC0-301F-11D3-BF4B-00C04F79EFBC}") = "FoodGenerator", "FoodGenerator\FoodGenerator.csproj", "{70EBF316-904D-4BDE-A2F3-B75C6B5B0638}"
EndProject
Project("{FAE04EC0-301F-11D3-BF4B-00C04F79EFBC}") = "NutritionApp.Data", "NutritionApp.Data\NutritionApp.Data.csproj", "{228A9171-31E4-4333-9780-DE5002E594A4}"
EndProject
Global
	GlobalSection(SolutionConfigurationPlatforms) = preSolution
		Debug|Any CPU = Debug|Any CPU
		Release|Any CPU = Release|Any CPU
	EndGlobalSection
	GlobalSection(ProjectConfigurationPlatforms) = postSolution
		{70EBF316-904D-4BDE-A2F3-B75C6B5B0638}.Debug|Any CPU.ActiveCfg = Debug|Any CPU
		{70EBF316-904D-4BDE-A2F3-B75C6B5B0638}.Debug|Any CPU.Build.0 = Debug|Any CPU
		{70EBF316-904D-4BDE-A2F3-B75C6B5B0638}.Debug|Any CPU.Deploy.0 = Debug|Any CPU
		{70EBF316-904D-4BDE-A2F3-B75C6B5B0638}.Release|Any CPU.ActiveCfg = Release|Any CPU
		{70EBF316-904D-4BDE-A2F3-B75C6B5B0638}.Release|Any CPU.Build.0 = Release|Any CPU
		{70EBF316-904D-4BDE-A2F3-B75C6B5B0638}.Release|Any CPU.Deploy.0 = Release|Any CPU
		{228A9171-31E4-4333-9780-DE5002E594A4}.Debug|Any CPU.ActiveCfg = Debug|Any CPU
		{228A9171-31E4-4333-9780-DE5002E594A4}.Debug|Any CPU.Build.0 = Debug|Any CPU
		{228A9171-31E4-4333-9780-DE5002E594A4}.Release|Any CPU.ActiveCfg = Release|Any CPU
		{228A9171-31E4-4333-9780-DE5002E594A4}.Release|Any CPU.Build.0 = Release|Any CPU
	EndGlobalSection
	GlobalSection(SolutionProperties) = preSolution
		HideSolutionNode = FALSE
	EndGlobalSection
	GlobalSection(ExtensibilityGlobals) = postSolution
		SolutionGuid = {22C3A084-8CA4-4564-B122-2AB5C00016FF}
	EndGlobalSection
EndGlobal
